
Microsoft Visual Studio Solution File, Format Version 12.00
# Visual Studio 15
VisualStudioVersion = 15.0.27703.2018
MinimumVisualStudioVersion = 10.0.40219.1
Project("{FAE04EC0-301F-11D3-BF4B-00C04F79EFBC}") = "Tournament", "Tournament\Tournament.csproj", "{B8D91622-8186-4054-9E8C-A5C2D0CDF261}"
EndProject
Project("{FAE04EC0-301F-11D3-BF4B-00C04F79EFBC}") = "Backend", "Backend\Backend.csproj", "{72759569-17D0-4E9C-B73F-8730DD06F0B6}"
EndProject
Global
	GlobalSection(SolutionConfigurationPlatforms) = preSolution
		Debug|Any CPU = Debug|Any CPU
		Release|Any CPU = Release|Any CPU
	EndGlobalSection
	GlobalSection(ProjectConfigurationPlatforms) = postSolution
		{B8D91622-8186-4054-9E8C-A5C2D0CDF261}.Debug|Any CPU.ActiveCfg = Debug|Any CPU
		{B8D91622-8186-4054-9E8C-A5C2D0CDF261}.Debug|Any CPU.Build.0 = Debug|Any CPU
		{B8D91622-8186-4054-9E8C-A5C2D0CDF261}.Release|Any CPU.ActiveCfg = Release|Any CPU
		{B8D91622-8186-4054-9E8C-A5C2D0CDF261}.Release|Any CPU.Build.0 = Release|Any CPU
		{72759569-17D0-4E9C-B73F-8730DD06F0B6}.Debug|Any CPU.ActiveCfg = Debug|Any CPU
		{72759569-17D0-4E9C-B73F-8730DD06F0B6}.Debug|Any CPU.Build.0 = Debug|Any CPU
		{72759569-17D0-4E9C-B73F-8730DD06F0B6}.Release|Any CPU.ActiveCfg = Release|Any CPU
		{72759569-17D0-4E9C-B73F-8730DD06F0B6}.Release|Any CPU.Build.0 = Release|Any CPU
	EndGlobalSection
	GlobalSection(SolutionProperties) = preSolution
		HideSolutionNode = FALSE
	EndGlobalSection
	GlobalSection(ExtensibilityGlobals) = postSolution
		SolutionGuid = {DA230B65-14ED-4559-9E34-E402574D9BB0}
	EndGlobalSection
EndGlobal
